// !$*UTF8*$!
{
	archiveVersion = 1;
	classes = {
	};
	objectVersion = 56;
	objects = {

/* Begin PBXBuildFile section */
		8CDE063B2B9B3FD000D2004C /* iOS_CRApp.swift in Sources */ = {isa = PBXBuildFile; fileRef = 8CDE063A2B9B3FD000D2004C /* iOS_CRApp.swift */; };
		8CDE063D2B9B3FD000D2004C /* ContentView.swift in Sources */ = {isa = PBXBuildFile; fileRef = 8CDE063C2B9B3FD000D2004C /* ContentView.swift */; };
		8CDE063F2B9B3FD100D2004C /* Assets.xcassets in Resources */ = {isa = PBXBuildFile; fileRef = 8CDE063E2B9B3FD100D2004C /* Assets.xcassets */; };
		8CDE06422B9B3FD100D2004C /* Preview Assets.xcassets in Resources */ = {isa = PBXBuildFile; fileRef = 8CDE06412B9B3FD100D2004C /* Preview Assets.xcassets */; };
		8CDE064D2B9B3FE600D2004C /* ReminderStore.swift in Sources */ = {isa = PBXBuildFile; fileRef = 8CDE06492B9B3FE600D2004C /* ReminderStore.swift */; };
		8CDE064E2B9B3FE600D2004C /* EventStoreManager.swift in Sources */ = {isa = PBXBuildFile; fileRef = 8CDE064A2B9B3FE600D2004C /* EventStoreManager.swift */; };
		8CDE064F2B9B3FE600D2004C /* EventStore.swift in Sources */ = {isa = PBXBuildFile; fileRef = 8CDE064B2B9B3FE600D2004C /* EventStore.swift */; };
		8CDE06502B9B3FE600D2004C /* EventStoreError.swift in Sources */ = {isa = PBXBuildFile; fileRef = 8CDE064C2B9B3FE600D2004C /* EventStoreError.swift */; };
		8CDE06542B9B3FEA00D2004C /* ReminderView.swift in Sources */ = {isa = PBXBuildFile; fileRef = 8CDE06522B9B3FEA00D2004C /* ReminderView.swift */; };
		8CDE06552B9B3FEA00D2004C /* CalendarView.swift in Sources */ = {isa = PBXBuildFile; fileRef = 8CDE06532B9B3FEA00D2004C /* CalendarView.swift */; };
/* End PBXBuildFile section */

/* Begin PBXFileReference section */
		8CDE06372B9B3FD000D2004C /* iOS_CR.app */ = {isa = PBXFileReference; explicitFileType = wrapper.application; includeInIndex = 0; path = iOS_CR.app; sourceTree = BUILT_PRODUCTS_DIR; };
		8CDE063A2B9B3FD000D2004C /* iOS_CRApp.swift */ = {isa = PBXFileReference; lastKnownFileType = sourcecode.swift; path = iOS_CRApp.swift; sourceTree = "<group>"; };
		8CDE063C2B9B3FD000D2004C /* ContentView.swift */ = {isa = PBXFileReference; lastKnownFileType = sourcecode.swift; path = ContentView.swift; sourceTree = "<group>"; };
		8CDE063E2B9B3FD100D2004C /* Assets.xcassets */ = {isa = PBXFileReference; lastKnownFileType = folder.assetcatalog; path = Assets.xcassets; sourceTree = "<group>"; };
		8CDE06412B9B3FD100D2004C /* Preview Assets.xcassets */ = {isa = PBXFileReference; lastKnownFileType = folder.assetcatalog; path = "Preview Assets.xcassets"; sourceTree = "<group>"; };
		8CDE06492B9B3FE600D2004C /* ReminderStore.swift */ = {isa = PBXFileReference; fileEncoding = 4; lastKnownFileType = sourcecode.swift; path = ReminderStore.swift; sourceTree = "<group>"; };
		8CDE064A2B9B3FE600D2004C /* EventStoreManager.swift */ = {isa = PBXFileReference; fileEncoding = 4; lastKnownFileType = sourcecode.swift; path = EventStoreManager.swift; sourceTree = "<group>"; };
		8CDE064B2B9B3FE600D2004C /* EventStore.swift */ = {isa = PBXFileReference; fileEncoding = 4; lastKnownFileType = sourcecode.swift; path = EventStore.swift; sourceTree = "<group>"; };
		8CDE064C2B9B3FE600D2004C /* EventStoreError.swift */ = {isa = PBXFileReference; fileEncoding = 4; lastKnownFileType = sourcecode.swift; path = EventStoreError.swift; sourceTree = "<group>"; };
		8CDE06522B9B3FEA00D2004C /* ReminderView.swift */ = {isa = PBXFileReference; fileEncoding = 4; lastKnownFileType = sourcecode.swift; path = ReminderView.swift; sourceTree = "<group>"; };
		8CDE06532B9B3FEA00D2004C /* CalendarView.swift */ = {isa = PBXFileReference; fileEncoding = 4; lastKnownFileType = sourcecode.swift; path = CalendarView.swift; sourceTree = "<group>"; };
		8CDE06562B9B400400D2004C /* iOS-CR-Info.plist */ = {isa = PBXFileReference; lastKnownFileType = text.plist; path = "iOS-CR-Info.plist"; sourceTree = SOURCE_ROOT; };
/* End PBXFileReference section */

/* Begin PBXFrameworksBuildPhase section */
		8CDE06342B9B3FD000D2004C /* Frameworks */ = {
			isa = PBXFrameworksBuildPhase;
			buildActionMask = 2147483647;
			files = (
			);
			runOnlyForDeploymentPostprocessing = 0;
		};
/* End PBXFrameworksBuildPhase section */

/* Begin PBXGroup section */
		8CDE062E2B9B3FD000D2004C = {
			isa = PBXGroup;
			children = (
				8CDE06392B9B3FD000D2004C /* iOS_CR */,
				8CDE06382B9B3FD000D2004C /* Products */,
			);
			sourceTree = "<group>";
		};
		8CDE06382B9B3FD000D2004C /* Products */ = {
			isa = PBXGroup;
			children = (
				8CDE06372B9B3FD000D2004C /* iOS_CR.app */,
			);
			name = Products;
			sourceTree = "<group>";
		};
		8CDE06392B9B3FD000D2004C /* iOS_CR */ = {
			isa = PBXGroup;
			children = (
				8CDE06562B9B400400D2004C /* iOS-CR-Info.plist */,
				8CDE06482B9B3FE600D2004C /* EventKit */,
				8CDE06512B9B3FEA00D2004C /* View */,
				8CDE063A2B9B3FD000D2004C /* iOS_CRApp.swift */,
				8CDE063C2B9B3FD000D2004C /* ContentView.swift */,
				8CDE063E2B9B3FD100D2004C /* Assets.xcassets */,
				8CDE06402B9B3FD100D2004C /* Preview Content */,
			);
			path = iOS_CR;
			sourceTree = "<group>";
		};
		8CDE06402B9B3FD100D2004C /* Preview Content */ = {
			isa = PBXGroup;
			children = (
				8CDE06412B9B3FD100D2004C /* Preview Assets.xcassets */,
			);
			path = "Preview Content";
			sourceTree = "<group>";
		};
		8CDE06482B9B3FE600D2004C /* EventKit */ = {
			isa = PBXGroup;
			children = (
				8CDE06492B9B3FE600D2004C /* ReminderStore.swift */,
				8CDE064A2B9B3FE600D2004C /* EventStoreManager.swift */,
				8CDE064B2B9B3FE600D2004C /* EventStore.swift */,
				8CDE064C2B9B3FE600D2004C /* EventStoreError.swift */,
			);
			path = EventKit;
			sourceTree = "<group>";
		};
		8CDE06512B9B3FEA00D2004C /* View */ = {
			isa = PBXGroup;
			children = (
				8CDE06522B9B3FEA00D2004C /* ReminderView.swift */,
				8CDE06532B9B3FEA00D2004C /* CalendarView.swift */,
			);
			path = View;
			sourceTree = "<group>";
		};
/* End PBXGroup section */

/* Begin PBXNativeTarget section */
		8CDE06362B9B3FD000D2004C /* iOS_CR */ = {
			isa = PBXNativeTarget;
			buildConfigurationList = 8CDE06452B9B3FD100D2004C /* Build configuration list for PBXNativeTarget "iOS_CR" */;
			buildPhases = (
				8CDE06332B9B3FD000D2004C /* Sources */,
				8CDE06342B9B3FD000D2004C /* Frameworks */,
				8CDE06352B9B3FD000D2004C /* Resources */,
			);
			buildRules = (
			);
			dependencies = (
			);
			name = iOS_CR;
			productName = iOS_CR;
			productReference = 8CDE06372B9B3FD000D2004C /* iOS_CR.app */;
			productType = "com.apple.product-type.application";
		};
/* End PBXNativeTarget section */

/* Begin PBXProject section */
		8CDE062F2B9B3FD000D2004C /* Project object */ = {
			isa = PBXProject;
			attributes = {
				BuildIndependentTargetsInParallel = 1;
				LastSwiftUpdateCheck = 1510;
				LastUpgradeCheck = 1510;
				TargetAttributes = {
					8CDE06362B9B3FD000D2004C = {
						CreatedOnToolsVersion = 15.1;
					};
				};
			};
			buildConfigurationList = 8CDE06322B9B3FD000D2004C /* Build configuration list for PBXProject "iOS_CR" */;
			compatibilityVersion = "Xcode 14.0";
			developmentRegion = en;
			hasScannedForEncodings = 0;
			knownRegions = (
				en,
				Base,
			);
			mainGroup = 8CDE062E2B9B3FD000D2004C;
			productRefGroup = 8CDE06382B9B3FD000D2004C /* Products */;
			projectDirPath = "";
			projectRoot = "";
			targets = (
				8CDE06362B9B3FD000D2004C /* iOS_CR */,
			);
		};
/* End PBXProject section */

/* Begin PBXResourcesBuildPhase section */
		8CDE06352B9B3FD000D2004C /* Resources */ = {
			isa = PBXResourcesBuildPhase;
			buildActionMask = 2147483647;
			files = (
				8CDE06422B9B3FD100D2004C /* Preview Assets.xcassets in Resources */,
				8CDE063F2B9B3FD100D2004C /* Assets.xcassets in Resources */,
			);
			runOnlyForDeploymentPostprocessing = 0;
		};
/* End PBXResourcesBuildPhase section */

/* Begin PBXSourcesBuildPhase section */
		8CDE06332B9B3FD000D2004C /* Sources */ = {
			isa = PBXSourcesBuildPhase;
			buildActionMask = 2147483647;
			files = (
				8CDE064F2B9B3FE600D2004C /* EventStore.swift in Sources */,
				8CDE06502B9B3FE600D2004C /* EventStoreError.swift in Sources */,
				8CDE06552B9B3FEA00D2004C /* CalendarView.swift in Sources */,
				8CDE064E2B9B3FE600D2004C /* EventStoreManager.swift in Sources */,
				8CDE06542B9B3FEA00D2004C /* ReminderView.swift in Sources */,
				8CDE064D2B9B3FE600D2004C /* ReminderStore.swift in Sources */,
				8CDE063D2B9B3FD000D2004C /* ContentView.swift in Sources */,
				8CDE063B2B9B3FD000D2004C /* iOS_CRApp.swift in Sources */,
			);
			runOnlyForDeploymentPostprocessing = 0;
		};
/* End PBXSourcesBuildPhase section */

/* Begin XCBuildConfiguration section */
		8CDE06432B9B3FD100D2004C /* Debug */ = {
			isa = XCBuildConfiguration;
			buildSettings = {
				ALWAYS_SEARCH_USER_PATHS = NO;
				ASSETCATALOG_COMPILER_GENERATE_SWIFT_ASSET_SYMBOL_EXTENSIONS = YES;
				CLANG_ANALYZER_NONNULL = YES;
				CLANG_ANALYZER_NUMBER_OBJECT_CONVERSION = YES_AGGRESSIVE;
				CLANG_CXX_LANGUAGE_STANDARD = "gnu++20";
				CLANG_ENABLE_MODULES = YES;
				CLANG_ENABLE_OBJC_ARC = YES;
				CLANG_ENABLE_OBJC_WEAK = YES;
				CLANG_WARN_BLOCK_CAPTURE_AUTORELEASING = YES;
				CLANG_WARN_BOOL_CONVERSION = YES;
				CLANG_WARN_COMMA = YES;
				CLANG_WARN_CONSTANT_CONVERSION = YES;
				CLANG_WARN_DEPRECATED_OBJC_IMPLEMENTATIONS = YES;
				CLANG_WARN_DIRECT_OBJC_ISA_USAGE = YES_ERROR;
				CLANG_WARN_DOCUMENTATION_COMMENTS = YES;
				CLANG_WARN_EMPTY_BODY = YES;
				CLANG_WARN_ENUM_CONVERSION = YES;
				CLANG_WARN_INFINITE_RECURSION = YES;
				CLANG_WARN_INT_CONVERSION = YES;
				CLANG_WARN_NON_LITERAL_NULL_CONVERSION = YES;
				CLANG_WARN_OBJC_IMPLICIT_RETAIN_SELF = YES;
				CLANG_WARN_OBJC_LITERAL_CONVERSION = YES;
				CLANG_WARN_OBJC_ROOT_CLASS = YES_ERROR;
				CLANG_WARN_QUOTED_INCLUDE_IN_FRAMEWORK_HEADER = YES;
				CLANG_WARN_RANGE_LOOP_ANALYSIS = YES;
				CLANG_WARN_STRICT_PROTOTYPES = YES;
				CLANG_WARN_SUSPICIOUS_MOVE = YES;
				CLANG_WARN_UNGUARDED_AVAILABILITY = YES_AGGRESSIVE;
				CLANG_WARN_UNREACHABLE_CODE = YES;
				CLANG_WARN__DUPLICATE_METHOD_MATCH = YES;
				COPY_PHASE_STRIP = NO;
				DEBUG_INFORMATION_FORMAT = dwarf;
				ENABLE_STRICT_OBJC_MSGSEND = YES;
				ENABLE_TESTABILITY = YES;
				ENABLE_USER_SCRIPT_SANDBOXING = YES;
				GCC_C_LANGUAGE_STANDARD = gnu17;
				GCC_DYNAMIC_NO_PIC = NO;
				GCC_NO_COMMON_BLOCKS = YES;
				GCC_OPTIMIZATION_LEVEL = 0;
				GCC_PREPROCESSOR_DEFINITIONS = (
					"DEBUG=1",
					"$(inherited)",
				);
				GCC_WARN_64_TO_32_BIT_CONVERSION = YES;
				GCC_WARN_ABOUT_RETURN_TYPE = YES_ERROR;
				GCC_WARN_UNDECLARED_SELECTOR = YES;
				GCC_WARN_UNINITIALIZED_AUTOS = YES_AGGRESSIVE;
				GCC_WARN_UNUSED_FUNCTION = YES;
				GCC_WARN_UNUSED_VARIABLE = YES;
				IPHONEOS_DEPLOYMENT_TARGET = 17.2;
				LOCALIZATION_PREFERS_STRING_CATALOGS = YES;
				MTL_ENABLE_DEBUG_INFO = INCLUDE_SOURCE;
				MTL_FAST_MATH = YES;
				ONLY_ACTIVE_ARCH = YES;
				SDKROOT = iphoneos;
				SWIFT_ACTIVE_COMPILATION_CONDITIONS = "DEBUG $(inherited)";
				SWIFT_OPTIMIZATION_LEVEL = "-Onone";
			};
			name = Debug;
		};
		8CDE06442B9B3FD100D2004C /* Release */ = {
			isa = XCBuildConfiguration;
			buildSettings = {
				ALWAYS_SEARCH_USER_PATHS = NO;
				ASSETCATALOG_COMPILER_GENERATE_SWIFT_ASSET_SYMBOL_EXTENSIONS = YES;
				CLANG_ANALYZER_NONNULL = YES;
				CLANG_ANALYZER_NUMBER_OBJECT_CONVERSION = YES_AGGRESSIVE;
				CLANG_CXX_LANGUAGE_STANDARD = "gnu++20";
				CLANG_ENABLE_MODULES = YES;
				CLANG_ENABLE_OBJC_ARC = YES;
				CLANG_ENABLE_OBJC_WEAK = YES;
				CLANG_WARN_BLOCK_CAPTURE_AUTORELEASING = YES;
				CLANG_WARN_BOOL_CONVERSION = YES;
				CLANG_WARN_COMMA = YES;
				CLANG_WARN_CONSTANT_CONVERSION = YES;
				CLANG_WARN_DEPRECATED_OBJC_IMPLEMENTATIONS = YES;
				CLANG_WARN_DIRECT_OBJC_ISA_USAGE = YES_ERROR;
				CLANG_WARN_DOCUMENTATION_COMMENTS = YES;
				CLANG_WARN_EMPTY_BODY = YES;
				CLANG_WARN_ENUM_CONVERSION = YES;
				CLANG_WARN_INFINITE_RECURSION = YES;
				CLANG_WARN_INT_CONVERSION = YES;
				CLANG_WARN_NON_LITERAL_NULL_CONVERSION = YES;
				CLANG_WARN_OBJC_IMPLICIT_RETAIN_SELF = YES;
				CLANG_WARN_OBJC_LITERAL_CONVERSION = YES;
				CLANG_WARN_OBJC_ROOT_CLASS = YES_ERROR;
				CLANG_WARN_QUOTED_INCLUDE_IN_FRAMEWORK_HEADER = YES;
				CLANG_WARN_RANGE_LOOP_ANALYSIS = YES;
				CLANG_WARN_STRICT_PROTOTYPES = YES;
				CLANG_WARN_SUSPICIOUS_MOVE = YES;
				CLANG_WARN_UNGUARDED_AVAILABILITY = YES_AGGRESSIVE;
				CLANG_WARN_UNREACHABLE_CODE = YES;
				CLANG_WARN__DUPLICATE_METHOD_MATCH = YES;
				COPY_PHASE_STRIP = NO;
				DEBUG_INFORMATION_FORMAT = "dwarf-with-dsym";
				ENABLE_NS_ASSERTIONS = NO;
				ENABLE_STRICT_OBJC_MSGSEND = YES;
				ENABLE_USER_SCRIPT_SANDBOXING = YES;
				GCC_C_LANGUAGE_STANDARD = gnu17;
				GCC_NO_COMMON_BLOCKS = YES;
				GCC_WARN_64_TO_32_BIT_CONVERSION = YES;
				GCC_WARN_ABOUT_RETURN_TYPE = YES_ERROR;
				GCC_WARN_UNDECLARED_SELECTOR = YES;
				GCC_WARN_UNINITIALIZED_AUTOS = YES_AGGRESSIVE;
				GCC_WARN_UNUSED_FUNCTION = YES;
				GCC_WARN_UNUSED_VARIABLE = YES;
				IPHONEOS_DEPLOYMENT_TARGET = 17.2;
				LOCALIZATION_PREFERS_STRING_CATALOGS = YES;
				MTL_ENABLE_DEBUG_INFO = NO;
				MTL_FAST_MATH = YES;
				SDKROOT = iphoneos;
				SWIFT_COMPILATION_MODE = wholemodule;
				VALIDATE_PRODUCT = YES;
			};
			name = Release;
		};
		8CDE06462B9B3FD100D2004C /* Debug */ = {
			isa = XCBuildConfiguration;
			buildSettings = {
				ASSETCATALOG_COMPILER_APPICON_NAME = AppIcon;
				ASSETCATALOG_COMPILER_GLOBAL_ACCENT_COLOR_NAME = AccentColor;
				CODE_SIGN_STYLE = Automatic;
				CURRENT_PROJECT_VERSION = 1;
				DEVELOPMENT_ASSET_PATHS = "\"iOS_CR/Preview Content\"";
				DEVELOPMENT_TEAM = 8774ZX9976;
				ENABLE_PREVIEWS = YES;
				GENERATE_INFOPLIST_FILE = YES;
				INFOPLIST_FILE = "iOS-CR-Info.plist";
				INFOPLIST_KEY_UIApplicationSceneManifest_Generation = YES;
				INFOPLIST_KEY_UIApplicationSupportsIndirectInputEvents = YES;
				INFOPLIST_KEY_UILaunchScreen_Generation = YES;
				INFOPLIST_KEY_UISupportedInterfaceOrientations_iPad = "UIInterfaceOrientationPortrait UIInterfaceOrientationPortraitUpsideDown UIInterfaceOrientationLandscapeLeft UIInterfaceOrientationLandscapeRight";
				INFOPLIST_KEY_UISupportedInterfaceOrientations_iPhone = "UIInterfaceOrientationPortrait UIInterfaceOrientationLandscapeLeft UIInterfaceOrientationLandscapeRight";
				IPHONEOS_DEPLOYMENT_TARGET = 17;
				LD_RUNPATH_SEARCH_PATHS = (
					"$(inherited)",
					"@executable_path/Frameworks",
				);
				MARKETING_VERSION = 1.0;
				PRODUCT_BUNDLE_IDENTIFIER = "kidstyo.iOS-CR";
				PRODUCT_NAME = "$(TARGET_NAME)";
				SWIFT_EMIT_LOC_STRINGS = YES;
				SWIFT_VERSION = 5.0;
				TARGETED_DEVICE_FAMILY = "1,2";
			};
			name = Debug;
		};
		8CDE06472B9B3FD100D2004C /* Release */ = {
			isa = XCBuildConfiguration;
			buildSettings = {
				ASSETCATALOG_COMPILER_APPICON_NAME = AppIcon;
				ASSETCATALOG_COMPILER_GLOBAL_ACCENT_COLOR_NAME = AccentColor;
				CODE_SIGN_STYLE = Automatic;
				CURRENT_PROJECT_VERSION = 1;
				DEVELOPMENT_ASSET_PATHS = "\"iOS_CR/Preview Content\"";
				DEVELOPMENT_TEAM = 8774ZX9976;
				ENABLE_PREVIEWS = YES;
				GENERATE_INFOPLIST_FILE = YES;
				INFOPLIST_FILE = "iOS-CR-Info.plist";
				INFOPLIST_KEY_UIApplicationSceneManifest_Generation = YES;
				INFOPLIST_KEY_UIApplicationSupportsIndirectInputEvents = YES;
				INFOPLIST_KEY_UILaunchScreen_Generation = YES;
				INFOPLIST_KEY_UISupportedInterfaceOrientations_iPad = "UIInterfaceOrientationPortrait UIInterfaceOrientationPortraitUpsideDown UIInterfaceOrientationLandscapeLeft UIInterfaceOrientationLandscapeRight";
				INFOPLIST_KEY_UISupportedInterfaceOrientations_iPhone = "UIInterfaceOrientationPortrait UIInterfaceOrientationLandscapeLeft UIInterfaceOrientationLandscapeRight";
				IPHONEOS_DEPLOYMENT_TARGET = 17;
				LD_RUNPATH_SEARCH_PATHS = (
					"$(inherited)",
					"@executable_path/Frameworks",
				);
				MARKETING_VERSION = 1.0;
				PRODUCT_BUNDLE_IDENTIFIER = "kidstyo.iOS-CR";
				PRODUCT_NAME = "$(TARGET_NAME)";
				SWIFT_EMIT_LOC_STRINGS = YES;
				SWIFT_VERSION = 5.0;
				TARGETED_DEVICE_FAMILY = "1,2";
			};
			name = Release;
		};
/* End XCBuildConfiguration section */

/* Begin XCConfigurationList section */
		8CDE06322B9B3FD000D2004C /* Build configuration list for PBXProject "iOS_CR" */ = {
			isa = XCConfigurationList;
			buildConfigurations = (
				8CDE06432B9B3FD100D2004C /* Debug */,
				8CDE06442B9B3FD100D2004C /* Release */,
			);
			defaultConfigurationIsVisible = 0;
			defaultConfigurationName = Release;
		};
		8CDE06452B9B3FD100D2004C /* Build configuration list for PBXNativeTarget "iOS_CR" */ = {
			isa = XCConfigurationList;
			buildConfigurations = (
				8CDE06462B9B3FD100D2004C /* Debug */,
				8CDE06472B9B3FD100D2004C /* Release */,
			);
			defaultConfigurationIsVisible = 0;
			defaultConfigurationName = Release;
		};
/* End XCConfigurationList section */
	};
	rootObject = 8CDE062F2B9B3FD000D2004C /* Project object */;
}
